Microsoft Visual Studio Solution File, Format Version 12.00
# Visual Studio Version 17
VisualStudioVersion = 17.13.35919.96
MinimumVisualStudioVersion = 10.0.40219.1
Project("{FAE04EC0-301F-11D3-BF4B-00C04F79EFBC}") = "MMO_Proj", "MMO_Proj\MMO_Proj.csproj", "{66636276-F1B2-41DF-A812-AC9E0BB86543}"
EndProject
Project("{FAE04EC0-301F-11D3-BF4B-00C04F79EFBC}") = "BusinessMMO", "BusinessMMO\BusinessMMO.csproj", "{8F3409C7-08E1-486F-A7AB-D5967FAE87B2}"
EndProject
Project("{FAE04EC0-301F-11D3-BF4B-00C04F79EFBC}") = "DataMMO", "DataMMO\DataMMO.csproj", "{9E68C212-0D52-497A-B190-042A7E4A88F3}"
EndProject
Project("{FAE04EC0-301F-11D3-BF4B-00C04F79EFBC}") = "CommonMMO", "CommonMMO\CommonMMO.csproj", "{A7D4A7D6-4317-4D2D-B98C-EAAAF4FCFC83}"
EndProject
Project("{FAE04EC0-301F-11D3-BF4B-00C04F79EFBC}") = "MMOGUI", "MMOGUI\MMOGUI.csproj", "{4B481089-F064-4443-96C5-447DA461982D}"
EndProject
Project("{FAE04EC0-301F-11D3-BF4B-00C04F79EFBC}") = "MMOAPI", "MMOAPI\MMOAPI.csproj", "{E9D24ACD-8D4A-43C3-AFE4-B464085D35F1}"
EndProject
Global
	GlobalSection(SolutionConfigurationPlatforms) = preSolution
		Debug|Any CPU = Debug|Any CPU
		Release|Any CPU = Release|Any CPU
	EndGlobalSection
	GlobalSection(ProjectConfigurationPlatforms) = postSolution
		{66636276-F1B2-41DF-A812-AC9E0BB86543}.Debug|Any CPU.ActiveCfg = Debug|Any CPU
		{66636276-F1B2-41DF-A812-AC9E0BB86543}.Debug|Any CPU.Build.0 = Debug|Any CPU
		{66636276-F1B2-41DF-A812-AC9E0BB86543}.Release|Any CPU.ActiveCfg = Release|Any CPU
		{66636276-F1B2-41DF-A812-AC9E0BB86543}.Release|Any CPU.Build.0 = Release|Any CPU
		{8F3409C7-08E1-486F-A7AB-D5967FAE87B2}.Debug|Any CPU.ActiveCfg = Debug|Any CPU
		{8F3409C7-08E1-486F-A7AB-D5967FAE87B2}.Debug|Any CPU.Build.0 = Debug|Any CPU
		{8F3409C7-08E1-486F-A7AB-D5967FAE87B2}.Release|Any CPU.ActiveCfg = Release|Any CPU
		{8F3409C7-08E1-486F-A7AB-D5967FAE87B2}.Release|Any CPU.Build.0 = Release|Any CPU
		{9E68C212-0D52-497A-B190-042A7E4A88F3}.Debug|Any CPU.ActiveCfg = Debug|Any CPU
		{9E68C212-0D52-497A-B190-042A7E4A88F3}.Debug|Any CPU.Build.0 = Debug|Any CPU
		{9E68C212-0D52-497A-B190-042A7E4A88F3}.Release|Any CPU.ActiveCfg = Release|Any CPU
		{9E68C212-0D52-497A-B190-042A7E4A88F3}.Release|Any CPU.Build.0 = Release|Any CPU
		{A7D4A7D6-4317-4D2D-B98C-EAAAF4FCFC83}.Debug|Any CPU.ActiveCfg = Debug|Any CPU
		{A7D4A7D6-4317-4D2D-B98C-EAAAF4FCFC83}.Debug|Any CPU.Build.0 = Debug|Any CPU
		{A7D4A7D6-4317-4D2D-B98C-EAAAF4FCFC83}.Release|Any CPU.ActiveCfg = Release|Any CPU
		{A7D4A7D6-4317-4D2D-B98C-EAAAF4FCFC83}.Release|Any CPU.Build.0 = Release|Any CPU
		{4B481089-F064-4443-96C5-447DA461982D}.Debug|Any CPU.ActiveCfg = Debug|Any CPU
		{4B481089-F064-4443-96C5-447DA461982D}.Debug|Any CPU.Build.0 = Debug|Any CPU
		{4B481089-F064-4443-96C5-447DA461982D}.Release|Any CPU.ActiveCfg = Release|Any CPU
		{4B481089-F064-4443-96C5-447DA461982D}.Release|Any CPU.Build.0 = Release|Any CPU
		{E9D24ACD-8D4A-43C3-AFE4-B464085D35F1}.Debug|Any CPU.ActiveCfg = Debug|Any CPU
		{E9D24ACD-8D4A-43C3-AFE4-B464085D35F1}.Debug|Any CPU.Build.0 = Debug|Any CPU
		{E9D24ACD-8D4A-43C3-AFE4-B464085D35F1}.Release|Any CPU.ActiveCfg = Release|Any CPU
		{E9D24ACD-8D4A-43C3-AFE4-B464085D35F1}.Release|Any CPU.Build.0 = Release|Any CPU
	EndGlobalSection
	GlobalSection(SolutionProperties) = preSolution
		HideSolutionNode = FALSE
	EndGlobalSection
	GlobalSection(ExtensibilityGlobals) = postSolution
		SolutionGuid = {86CA7F9E-ABB2-405B-9ED7-6750442B80C4}
	EndGlobalSection
EndGlobal
